
Microsoft Visual Studio Solution File, Format Version 12.00
# Visual Studio 15
VisualStudioVersion = 15.0.26403.7
MinimumVisualStudioVersion = 10.0.40219.1
Project("{002A2DE9-8BB6-484D-9802-7E4AD4084715}") = "DNgin", "DNgin.visualdproj", "{1AC0D465-4C90-4E76-985D-7CFAE04005E0}"
	ProjectSection(ProjectDependencies) = postProject
		{AF21839C-2614-4AE0-B3D3-D2A3B7E83F1F} = {AF21839C-2614-4AE0-B3D3-D2A3B7E83F1F}
		{9C95BDE2-CB0B-48FA-874F-FB45529F2F03} = {9C95BDE2-CB0B-48FA-874F-FB45529F2F03}
	EndProjectSection
EndProject
Project("{2150E333-8FDC-42A3-9474-1A3956D46DE8}") = "deps", "deps", "{D25A2091-B368-4D32-9815-F8FDB44885BA}"
EndProject
Project("{002A2DE9-8BB6-484D-9802-7E4AD4084715}") = "DerelictUtil", "deps\DerelictUtil.visualdproj", "{AF21839C-2614-4AE0-B3D3-D2A3B7E83F1F}"
EndProject
Project("{002A2DE9-8BB6-484D-9802-7E4AD4084715}") = "DerelictGL3", "deps\DerelictGL3.visualdproj", "{9C95BDE2-CB0B-48FA-874F-FB45529F2F03}"
	ProjectSection(ProjectDependencies) = postProject
		{AF21839C-2614-4AE0-B3D3-D2A3B7E83F1F} = {AF21839C-2614-4AE0-B3D3-D2A3B7E83F1F}
	EndProjectSection
EndProject
Global
	GlobalSection(SolutionConfigurationPlatforms) = preSolution
		Debug|x64 = Debug|x64
		Debug|x86 = Debug|x86
		LDCDebug|x64 = LDCDebug|x64
		LDCDebug|x86 = LDCDebug|x86
		LDCRelease|x64 = LDCRelease|x64
		LDCRelease|x86 = LDCRelease|x86
		Release|x64 = Release|x64
		Release|x86 = Release|x86
	EndGlobalSection
	GlobalSection(ProjectConfigurationPlatforms) = postSolution
		{1AC0D465-4C90-4E76-985D-7CFAE04005E0}.Debug|x64.ActiveCfg = Debug|x64
		{1AC0D465-4C90-4E76-985D-7CFAE04005E0}.Debug|x64.Build.0 = Debug|x64
		{1AC0D465-4C90-4E76-985D-7CFAE04005E0}.Debug|x86.ActiveCfg = Debug|Win32
		{1AC0D465-4C90-4E76-985D-7CFAE04005E0}.Debug|x86.Build.0 = Debug|Win32
		{1AC0D465-4C90-4E76-985D-7CFAE04005E0}.LDCDebug|x64.ActiveCfg = LDCDebug|x64
		{1AC0D465-4C90-4E76-985D-7CFAE04005E0}.LDCDebug|x64.Build.0 = LDCDebug|x64
		{1AC0D465-4C90-4E76-985D-7CFAE04005E0}.LDCDebug|x86.ActiveCfg = LDCDebug|Win32
		{1AC0D465-4C90-4E76-985D-7CFAE04005E0}.LDCDebug|x86.Build.0 = LDCDebug|Win32
		{1AC0D465-4C90-4E76-985D-7CFAE04005E0}.LDCRelease|x64.ActiveCfg = LDCRelease|x64
		{1AC0D465-4C90-4E76-985D-7CFAE04005E0}.LDCRelease|x64.Build.0 = LDCRelease|x64
		{1AC0D465-4C90-4E76-985D-7CFAE04005E0}.LDCRelease|x86.ActiveCfg = LDCRelease|Win32
		{1AC0D465-4C90-4E76-985D-7CFAE04005E0}.LDCRelease|x86.Build.0 = LDCRelease|Win32
		{1AC0D465-4C90-4E76-985D-7CFAE04005E0}.Release|x64.ActiveCfg = Release|x64
		{1AC0D465-4C90-4E76-985D-7CFAE04005E0}.Release|x64.Build.0 = Release|x64
		{1AC0D465-4C90-4E76-985D-7CFAE04005E0}.Release|x86.ActiveCfg = Release|Win32
		{1AC0D465-4C90-4E76-985D-7CFAE04005E0}.Release|x86.Build.0 = Release|Win32
		{AF21839C-2614-4AE0-B3D3-D2A3B7E83F1F}.Debug|x64.ActiveCfg = Debug|x64
		{AF21839C-2614-4AE0-B3D3-D2A3B7E83F1F}.Debug|x64.Build.0 = Debug|x64
		{AF21839C-2614-4AE0-B3D3-D2A3B7E83F1F}.Debug|x86.ActiveCfg = Debug|Win32
		{AF21839C-2614-4AE0-B3D3-D2A3B7E83F1F}.Debug|x86.Build.0 = Debug|Win32
		{AF21839C-2614-4AE0-B3D3-D2A3B7E83F1F}.LDCDebug|x64.ActiveCfg = LDCDebug|x64
		{AF21839C-2614-4AE0-B3D3-D2A3B7E83F1F}.LDCDebug|x64.Build.0 = LDCDebug|x64
		{AF21839C-2614-4AE0-B3D3-D2A3B7E83F1F}.LDCDebug|x86.ActiveCfg = LDCDebug|Win32
		{AF21839C-2614-4AE0-B3D3-D2A3B7E83F1F}.LDCDebug|x86.Build.0 = LDCDebug|Win32
		{AF21839C-2614-4AE0-B3D3-D2A3B7E83F1F}.LDCRelease|x64.ActiveCfg = LDCRelease|x64
		{AF21839C-2614-4AE0-B3D3-D2A3B7E83F1F}.LDCRelease|x64.Build.0 = LDCRelease|x64
		{AF21839C-2614-4AE0-B3D3-D2A3B7E83F1F}.LDCRelease|x86.ActiveCfg = LDCRelease|Win32
		{AF21839C-2614-4AE0-B3D3-D2A3B7E83F1F}.LDCRelease|x86.Build.0 = LDCRelease|Win32
		{AF21839C-2614-4AE0-B3D3-D2A3B7E83F1F}.Release|x64.ActiveCfg = Release|x64
		{AF21839C-2614-4AE0-B3D3-D2A3B7E83F1F}.Release|x64.Build.0 = Release|x64
		{AF21839C-2614-4AE0-B3D3-D2A3B7E83F1F}.Release|x86.ActiveCfg = Release|Win32
		{AF21839C-2614-4AE0-B3D3-D2A3B7E83F1F}.Release|x86.Build.0 = Release|Win32
		{9C95BDE2-CB0B-48FA-874F-FB45529F2F03}.Debug|x64.ActiveCfg = Debug|x64
		{9C95BDE2-CB0B-48FA-874F-FB45529F2F03}.Debug|x64.Build.0 = Debug|x64
		{9C95BDE2-CB0B-48FA-874F-FB45529F2F03}.Debug|x86.ActiveCfg = Debug|Win32
		{9C95BDE2-CB0B-48FA-874F-FB45529F2F03}.Debug|x86.Build.0 = Debug|Win32
		{9C95BDE2-CB0B-48FA-874F-FB45529F2F03}.LDCDebug|x64.ActiveCfg = LDCDebug|x64
		{9C95BDE2-CB0B-48FA-874F-FB45529F2F03}.LDCDebug|x64.Build.0 = LDCDebug|x64
		{9C95BDE2-CB0B-48FA-874F-FB45529F2F03}.LDCDebug|x86.ActiveCfg = LDCDebug|Win32
		{9C95BDE2-CB0B-48FA-874F-FB45529F2F03}.LDCDebug|x86.Build.0 = LDCDebug|Win32
		{9C95BDE2-CB0B-48FA-874F-FB45529F2F03}.LDCRelease|x64.ActiveCfg = LDCRelease|x64
		{9C95BDE2-CB0B-48FA-874F-FB45529F2F03}.LDCRelease|x64.Build.0 = LDCRelease|x64
		{9C95BDE2-CB0B-48FA-874F-FB45529F2F03}.LDCRelease|x86.ActiveCfg = LDCRelease|Win32
		{9C95BDE2-CB0B-48FA-874F-FB45529F2F03}.LDCRelease|x86.Build.0 = LDCRelease|Win32
		{9C95BDE2-CB0B-48FA-874F-FB45529F2F03}.Release|x64.ActiveCfg = Release|x64
		{9C95BDE2-CB0B-48FA-874F-FB45529F2F03}.Release|x64.Build.0 = Release|x64
		{9C95BDE2-CB0B-48FA-874F-FB45529F2F03}.Release|x86.ActiveCfg = Release|Win32
		{9C95BDE2-CB0B-48FA-874F-FB45529F2F03}.Release|x86.Build.0 = Release|Win32
	EndGlobalSection
	GlobalSection(SolutionProperties) = preSolution
		HideSolutionNode = FALSE
	EndGlobalSection
	GlobalSection(NestedProjects) = preSolution
		{AF21839C-2614-4AE0-B3D3-D2A3B7E83F1F} = {D25A2091-B368-4D32-9815-F8FDB44885BA}
		{9C95BDE2-CB0B-48FA-874F-FB45529F2F03} = {D25A2091-B368-4D32-9815-F8FDB44885BA}
	EndGlobalSection
EndGlobal
